
Microsoft Visual Studio Solution File, Format Version 12.00
# Visual Studio 15
VisualStudioVersion = 15.0.26124.0
MinimumVisualStudioVersion = 15.0.26124.0
Project("{FAE04EC0-301F-11D3-BF4B-00C04F79EFBC}") = "DerivedClassProject", "DerivedClassProject\DerivedClassProject.csproj", "{42878E54-5329-414B-86D2-1A6B91FEE9B8}"
EndProject
Project("{FAE04EC0-301F-11D3-BF4B-00C04F79EFBC}") = "BaseClassProject", "BaseClassProject\BaseClassProject.csproj", "{C017161A-46A4-4D0E-BAEF-6297F379221F}"
EndProject
Global
	GlobalSection(SolutionConfigurationPlatforms) = preSolution
		Debug|Any CPU = Debug|Any CPU
		Debug|x64 = Debug|x64
		Debug|x86 = Debug|x86
		Release|Any CPU = Release|Any CPU
		Release|x64 = Release|x64
		Release|x86 = Release|x86
	EndGlobalSection
	GlobalSection(SolutionProperties) = preSolution
		HideSolutionNode = FALSE
	EndGlobalSection
	GlobalSection(ProjectConfigurationPlatforms) = postSolution
		{42878E54-5329-414B-86D2-1A6B91FEE9B8}.Debug|Any CPU.ActiveCfg = Debug|Any CPU
		{42878E54-5329-414B-86D2-1A6B91FEE9B8}.Debug|Any CPU.Build.0 = Debug|Any CPU
		{42878E54-5329-414B-86D2-1A6B91FEE9B8}.Debug|x64.ActiveCfg = Debug|Any CPU
		{42878E54-5329-414B-86D2-1A6B91FEE9B8}.Debug|x64.Build.0 = Debug|Any CPU
		{42878E54-5329-414B-86D2-1A6B91FEE9B8}.Debug|x86.ActiveCfg = Debug|Any CPU
		{42878E54-5329-414B-86D2-1A6B91FEE9B8}.Debug|x86.Build.0 = Debug|Any CPU
		{42878E54-5329-414B-86D2-1A6B91FEE9B8}.Release|Any CPU.ActiveCfg = Release|Any CPU
		{42878E54-5329-414B-86D2-1A6B91FEE9B8}.Release|Any CPU.Build.0 = Release|Any CPU
		{42878E54-5329-414B-86D2-1A6B91FEE9B8}.Release|x64.ActiveCfg = Release|Any CPU
		{42878E54-5329-414B-86D2-1A6B91FEE9B8}.Release|x64.Build.0 = Release|Any CPU
		{42878E54-5329-414B-86D2-1A6B91FEE9B8}.Release|x86.ActiveCfg = Release|Any CPU
		{42878E54-5329-414B-86D2-1A6B91FEE9B8}.Release|x86.Build.0 = Release|Any CPU
		{C017161A-46A4-4D0E-BAEF-6297F379221F}.Debug|Any CPU.ActiveCfg = Debug|Any CPU
		{C017161A-46A4-4D0E-BAEF-6297F379221F}.Debug|Any CPU.Build.0 = Debug|Any CPU
		{C017161A-46A4-4D0E-BAEF-6297F379221F}.Debug|x64.ActiveCfg = Debug|Any CPU
		{C017161A-46A4-4D0E-BAEF-6297F379221F}.Debug|x64.Build.0 = Debug|Any CPU
		{C017161A-46A4-4D0E-BAEF-6297F379221F}.Debug|x86.ActiveCfg = Debug|Any CPU
		{C017161A-46A4-4D0E-BAEF-6297F379221F}.Debug|x86.Build.0 = Debug|Any CPU
		{C017161A-46A4-4D0E-BAEF-6297F379221F}.Release|Any CPU.ActiveCfg = Release|Any CPU
		{C017161A-46A4-4D0E-BAEF-6297F379221F}.Release|Any CPU.Build.0 = Release|Any CPU
		{C017161A-46A4-4D0E-BAEF-6297F379221F}.Release|x64.ActiveCfg = Release|Any CPU
		{C017161A-46A4-4D0E-BAEF-6297F379221F}.Release|x64.Build.0 = Release|Any CPU
		{C017161A-46A4-4D0E-BAEF-6297F379221F}.Release|x86.ActiveCfg = Release|Any CPU
		{C017161A-46A4-4D0E-BAEF-6297F379221F}.Release|x86.Build.0 = Release|Any CPU
	EndGlobalSection
EndGlobal
